<?xml version="1.0" encoding="UTF-8" standalone="yes" ?>
<CodeBlocks_project_file>
	<FileVersion major="1" minor="6" />
	<Project>
		<Option title="PIZZA" />
		<Option pch_mode="2" />
		<Option compiler="gcc" />
		<Build>
			<Target title="Debug">
				<Option output="bin/Debug/PIZZA" prefix_auto="1" extension_auto="1" />
				<Option object_output="obj/Debug/" />
				<Option type="1" />
				<Option compiler="gcc" />
				<Compiler>
					<Add option="-g" />
					<Add directory="UI" />
					<Add directory="MODELS" />
					<Add directory="REPO" />
					<Add directory="CONTROLLERS" />
					<Add directory="GLOBAL" />
					<Add directory="MODEL" />
					<Add directory="EXCEPTIONS" />
				</Compiler>
			</Target>
			<Target title="Release">
				<Option output="bin/Release/PIZZA" prefix_auto="1" extension_auto="1" />
				<Option object_output="obj/Release/" />
				<Option type="1" />
				<Option compiler="gcc" />
				<Compiler>
					<Add option="-O2" />
					<Add directory="UI" />
					<Add directory="MODELS" />
					<Add directory="REPO" />
					<Add directory="CONTROLLERS" />
					<Add directory="GLOBAL" />
					<Add directory="MODEL" />
					<Add directory="EXCEPTIONS" />
				</Compiler>
				<Linker>
					<Add option="-s" />
				</Linker>
			</Target>
		</Build>
		<Compiler>
			<Add option="-Wall" />
			<Add option="-fexceptions" />
		</Compiler>
		<Unit filename="CONTROLLERS/AdminController.cpp" />
		<Unit filename="CONTROLLERS/AdminController.h" />
		<Unit filename="CONTROLLERS/BakerController.cpp" />
		<Unit filename="CONTROLLERS/BakerController.h" />
		<Unit filename="CONTROLLERS/DeliveryController.cpp" />
		<Unit filename="CONTROLLERS/DeliveryController.h" />
		<Unit filename="CONTROLLERS/GlobalController.cpp" />
		<Unit filename="CONTROLLERS/GlobalController.h" />
		<Unit filename="CONTROLLERS/HomeController.cpp" />
		<Unit filename="CONTROLLERS/HomeController.h" />
		<Unit filename="CONTROLLERS/SalesmanController.cpp" />
		<Unit filename="CONTROLLERS/SalesmanController.h" />
		<Unit filename="GLOBAL/GlobalHelp.cpp" />
		<Unit filename="GLOBAL/GlobalHelp.h" />
		<Unit filename="MODELS/Breadsticks.cpp" />
		<Unit filename="MODELS/Breadsticks.h" />
		<Unit filename="MODELS/Crust.cpp" />
		<Unit filename="MODELS/Crust.h" />
		<Unit filename="MODELS/Location.cpp" />
		<Unit filename="MODELS/Location.h" />
		<Unit filename="MODELS/Order.cpp" />
		<Unit filename="MODELS/Order.h" />
		<Unit filename="MODELS/Pizza.cpp" />
		<Unit filename="MODELS/Pizza.h" />
		<Unit filename="MODELS/Soda.cpp" />
		<Unit filename="MODELS/Soda.h" />
		<Unit filename="MODELS/Topping.cpp" />
		<Unit filename="MODELS/Topping.h" />
		<Unit filename="REPO/BreadsticksData.cpp" />
		<Unit filename="REPO/BreadsticksData.h" />
		<Unit filename="REPO/CrustData.cpp" />
		<Unit filename="REPO/CrustData.h" />
		<Unit filename="REPO/LocationData.cpp" />
		<Unit filename="REPO/LocationData.h" />
		<Unit filename="REPO/OrderData.cpp" />
		<Unit filename="REPO/OrderData.h" />
		<Unit filename="REPO/SodaData.cpp" />
		<Unit filename="REPO/SodaData.h" />
		<Unit filename="REPO/ToppingData.cpp" />
		<Unit filename="REPO/ToppingData.h" />
		<Unit filename="REPO/pizzadata.cpp" />
		<Unit filename="REPO/pizzadata.h" />
		<Unit filename="UI/AboutUI.cpp" />
		<Unit filename="UI/AboutUI.h" />
		<Unit filename="UI/AdminUI.cpp" />
		<Unit filename="UI/AdminUI.h" />
		<Unit filename="UI/BakerUI.cpp" />
		<Unit filename="UI/BakerUI.h" />
		<Unit filename="UI/DeliveryUI.cpp" />
		<Unit filename="UI/DeliveryUI.h" />
		<Unit filename="UI/HomeUI.cpp" />
		<Unit filename="UI/HomeUI.h" />
		<Unit filename="UI/SalesmanUI.cpp" />
		<Unit filename="UI/SalesmanUI.h" />
		<Unit filename="main.cpp" />
		<Extensions>
			<code_completion />
			<envvars />
			<debugger />
		</Extensions>
	</Project>
</CodeBlocks_project_file>
