<?xml version="1.0" encoding="UTF-8" standalone="yes" ?>
<CodeBlocks_project_file>
	<FileVersion major="1" minor="6" />
	<Project>
		<Option title="PIZZA" />
		<Option pch_mode="2" />
		<Option compiler="gcc" />
		<Build>
			<Target title="Debug">
				<Option output="bin/Debug/PIZZA" prefix_auto="1" extension_auto="1" />
				<Option object_output="obj/Debug/" />
				<Option type="1" />
				<Option compiler="gcc" />
				<Compiler>
					<Add option="-g" />
					<Add directory="UI" />
					<Add directory="MODELS" />
					<Add directory="REPO" />
					<Add directory="CONTROLLERS" />
					<Add directory="GLOBAL" />
				</Compiler>
			</Target>
			<Target title="Release">
				<Option output="bin/Release/PIZZA" prefix_auto="1" extension_auto="1" />
				<Option object_output="obj/Release/" />
				<Option type="1" />
				<Option compiler="gcc" />
				<Compiler>
					<Add option="-O2" />
					<Add directory="UI" />
					<Add directory="MODELS" />
					<Add directory="REPO" />
					<Add directory="CONTROLLERS" />
					<Add directory="GLOBAL" />
				</Compiler>
				<Linker>
					<Add option="-s" />
				</Linker>
			</Target>
		</Build>
		<Compiler>
			<Add option="-Wall" />
			<Add option="-fexceptions" />
		</Compiler>
		<Unit filename="CONTROLLERS/HomeController.cpp" />
		<Unit filename="CONTROLLERS/HomeController.h" />
		<Unit filename="GLOBAL/GlobalHelp.cpp" />
		<Unit filename="GLOBAL/GlobalHelp.h" />
		<Unit filename="MODELS/pizza.cpp" />
		<Unit filename="MODELS/pizza.h" />
		<Unit filename="MODELS/topping.cpp" />
		<Unit filename="MODELS/topping.h" />
		<Unit filename="REPO/pizzadata.cpp" />
		<Unit filename="REPO/pizzadata.h" />
		<Unit filename="UI/HomeUI.cpp" />
		<Unit filename="UI/HomeUI.h" />
		<Unit filename="UI/pizzaui.cpp" />
		<Unit filename="UI/pizzaui.h" />
		<Unit filename="main.cpp" />
		<Extensions>
			<code_completion />
			<envvars />
			<debugger />
		</Extensions>
	</Project>
</CodeBlocks_project_file>
